{
  "nodes": {
    "nixpkgs": {
      "locked": {
        "lastModified": 1731245184,
        "narHash": "sha256-vmLS8+x+gHRv1yzj3n+GTAEObwmhxmkkukB2DwtJRdU=",
        "owner": "nixos",
        "repo": "nixpkgs",
        "rev": "aebe249544837ce42588aa4b2e7972222ba12e8f",
        "type": "github"
      },
      "original": {
        "owner": "nixos",
        "ref": "nixpkgs-unstable",
        "repo": "nixpkgs",
        "type": "github"
      }
    },
    "nixpkgs_2": {
      "locked": {
        "lastModified": 1728538411,
        "narHash": "sha256-f0SBJz1eZ2yOuKUr5CA9BHULGXVSn6miBuUWdTyhUhU=",
        "owner": "NixOS",
        "repo": "nixpkgs",
        "rev": "b69de56fac8c2b6f8fd27f2eca01dcda8e0a4221",
        "type": "github"
      },
      "original": {
        "owner": "NixOS",
        "ref": "nixpkgs-unstable",
        "repo": "nixpkgs",
        "type": "github"
      }
    },
    "root": {
      "inputs": {
        "nixpkgs": "nixpkgs",
        "rust-overlay": "rust-overlay"
      }
    },
    "rust-overlay": {
      "inputs": {
        "nixpkgs": "nixpkgs_2"
      },
      "locked": {
        "lastModified": 1731464916,
        "narHash": "sha256-WZ5rpjr/wCt7yBOUsvDE2i22hYz9g8W921jlwVktRQ4=",
        "owner": "oxalica",
        "repo": "rust-overlay",
        "rev": "2c19bad6e881b5a154cafb7f9106879b5b356d1f",
        "type": "github"
      },
      "original": {
        "owner": "oxalica",
        "repo": "rust-overlay",
        "type": "github"
      }
    }
  },
  "root": "root",
  "version": 7
}
